
Microsoft Visual Studio Solution File, Format Version 12.00
# Visual Studio 14
VisualStudioVersion = 14.0.25123.0
MinimumVisualStudioVersion = 10.0.40219.1
Project("{FAE04EC0-301F-11D3-BF4B-00C04F79EFBC}") = "KillerApp ASP", "KillerApp ASP\KillerApp ASP.csproj", "{61331F25-96EE-42C0-A918-1CB962EDB852}"
EndProject
Global
	GlobalSection(SolutionConfigurationPlatforms) = preSolution
		Debug|Any CPU = Debug|Any CPU
		Release|Any CPU = Release|Any CPU
	EndGlobalSection
	GlobalSection(ProjectConfigurationPlatforms) = postSolution
		{61331F25-96EE-42C0-A918-1CB962EDB852}.Debug|Any CPU.ActiveCfg = Debug|Any CPU
		{61331F25-96EE-42C0-A918-1CB962EDB852}.Debug|Any CPU.Build.0 = Debug|Any CPU
		{61331F25-96EE-42C0-A918-1CB962EDB852}.Release|Any CPU.ActiveCfg = Release|Any CPU
		{61331F25-96EE-42C0-A918-1CB962EDB852}.Release|Any CPU.Build.0 = Release|Any CPU
	EndGlobalSection
	GlobalSection(SolutionProperties) = preSolution
		HideSolutionNode = FALSE
	EndGlobalSection
EndGlobal
